
Microsoft Visual Studio Solution File, Format Version 12.00
# Visual Studio Version 17
VisualStudioVersion = 17.9.34622.214
MinimumVisualStudioVersion = 10.0.40219.1
Project("{9A19103F-16F7-4668-BE54-9A1E7A4F7556}") = "LZW", "LZW.csproj", "{D5E6895C-CAD1-4DC2-BE48-2E146F7736AA}"
EndProject
Project("{9A19103F-16F7-4668-BE54-9A1E7A4F7556}") = "LZW.tests", "..\LZW.tests\LZW.tests.csproj", "{DD63A1F0-7DB8-4D42-B0FF-7A71EEDC67E8}"
EndProject
Global
	GlobalSection(SolutionConfigurationPlatforms) = preSolution
		Debug|Any CPU = Debug|Any CPU
		Release|Any CPU = Release|Any CPU
	EndGlobalSection
	GlobalSection(ProjectConfigurationPlatforms) = postSolution
		{D5E6895C-CAD1-4DC2-BE48-2E146F7736AA}.Debug|Any CPU.ActiveCfg = Debug|Any CPU
		{D5E6895C-CAD1-4DC2-BE48-2E146F7736AA}.Debug|Any CPU.Build.0 = Debug|Any CPU
		{D5E6895C-CAD1-4DC2-BE48-2E146F7736AA}.Release|Any CPU.ActiveCfg = Release|Any CPU
		{D5E6895C-CAD1-4DC2-BE48-2E146F7736AA}.Release|Any CPU.Build.0 = Release|Any CPU
		{DD63A1F0-7DB8-4D42-B0FF-7A71EEDC67E8}.Debug|Any CPU.ActiveCfg = Debug|Any CPU
		{DD63A1F0-7DB8-4D42-B0FF-7A71EEDC67E8}.Debug|Any CPU.Build.0 = Debug|Any CPU
		{DD63A1F0-7DB8-4D42-B0FF-7A71EEDC67E8}.Release|Any CPU.ActiveCfg = Release|Any CPU
		{DD63A1F0-7DB8-4D42-B0FF-7A71EEDC67E8}.Release|Any CPU.Build.0 = Release|Any CPU
	EndGlobalSection
	GlobalSection(SolutionProperties) = preSolution
		HideSolutionNode = FALSE
	EndGlobalSection
	GlobalSection(ExtensibilityGlobals) = postSolution
		SolutionGuid = {BC954462-1EF8-4656-90A5-3028A6672201}
	EndGlobalSection
EndGlobal
