
Microsoft Visual Studio Solution File, Format Version 12.00
Project("{FAE04EC0-301F-11D3-BF4B-00C04F79EFBC}") = "Routers", "Routers.csproj", "{36292C81-1682-4588-92A0-25F526DA994C}"
EndProject
Project("{FAE04EC0-301F-11D3-BF4B-00C04F79EFBC}") = "Routers.tests", "..\Routers.tests\Routers.tests.csproj", "{17D778A8-0F18-4B1D-9D80-D5C7C880C819}"
EndProject
Global
	GlobalSection(SolutionConfigurationPlatforms) = preSolution
		Debug|Any CPU = Debug|Any CPU
		Release|Any CPU = Release|Any CPU
	EndGlobalSection
	GlobalSection(ProjectConfigurationPlatforms) = postSolution
		{36292C81-1682-4588-92A0-25F526DA994C}.Debug|Any CPU.ActiveCfg = Debug|Any CPU
		{36292C81-1682-4588-92A0-25F526DA994C}.Debug|Any CPU.Build.0 = Debug|Any CPU
		{36292C81-1682-4588-92A0-25F526DA994C}.Release|Any CPU.ActiveCfg = Release|Any CPU
		{36292C81-1682-4588-92A0-25F526DA994C}.Release|Any CPU.Build.0 = Release|Any CPU
		{17D778A8-0F18-4B1D-9D80-D5C7C880C819}.Debug|Any CPU.ActiveCfg = Debug|Any CPU
		{17D778A8-0F18-4B1D-9D80-D5C7C880C819}.Debug|Any CPU.Build.0 = Debug|Any CPU
		{17D778A8-0F18-4B1D-9D80-D5C7C880C819}.Release|Any CPU.ActiveCfg = Release|Any CPU
		{17D778A8-0F18-4B1D-9D80-D5C7C880C819}.Release|Any CPU.Build.0 = Release|Any CPU
	EndGlobalSection
EndGlobal
