
Microsoft Visual Studio Solution File, Format Version 12.00
# Visual Studio Version 17
VisualStudioVersion = 17.7.34024.191
MinimumVisualStudioVersion = 10.0.40219.1
Project("{8BC9CEB8-8B4A-11D0-8D11-00A0C91BC942}") = "Parenthesis Balance 2", "Parenthesis Balance 2.vcxproj", "{A21B9290-1C1C-4A47-B78A-1F91432FE21E}"
EndProject
Global
	GlobalSection(SolutionConfigurationPlatforms) = preSolution
		Debug|x64 = Debug|x64
		Debug|x86 = Debug|x86
		Release|x64 = Release|x64
		Release|x86 = Release|x86
	EndGlobalSection
	GlobalSection(ProjectConfigurationPlatforms) = postSolution
		{A21B9290-1C1C-4A47-B78A-1F91432FE21E}.Debug|x64.ActiveCfg = Debug|x64
		{A21B9290-1C1C-4A47-B78A-1F91432FE21E}.Debug|x64.Build.0 = Debug|x64
		{A21B9290-1C1C-4A47-B78A-1F91432FE21E}.Debug|x86.ActiveCfg = Debug|Win32
		{A21B9290-1C1C-4A47-B78A-1F91432FE21E}.Debug|x86.Build.0 = Debug|Win32
		{A21B9290-1C1C-4A47-B78A-1F91432FE21E}.Release|x64.ActiveCfg = Release|x64
		{A21B9290-1C1C-4A47-B78A-1F91432FE21E}.Release|x64.Build.0 = Release|x64
		{A21B9290-1C1C-4A47-B78A-1F91432FE21E}.Release|x86.ActiveCfg = Release|Win32
		{A21B9290-1C1C-4A47-B78A-1F91432FE21E}.Release|x86.Build.0 = Release|Win32
	EndGlobalSection
	GlobalSection(SolutionProperties) = preSolution
		HideSolutionNode = FALSE
	EndGlobalSection
	GlobalSection(ExtensibilityGlobals) = postSolution
		SolutionGuid = {03D5D1D9-73DC-4641-8A77-D2AC86EEC84C}
	EndGlobalSection
EndGlobal
