
Microsoft Visual Studio Solution File, Format Version 12.00
# Visual Studio Version 17
VisualStudioVersion = 17.9.34622.214
MinimumVisualStudioVersion = 10.0.40219.1
Project("{FAE04EC0-301F-11D3-BF4B-00C04F79EFBC}") = "PriorityQueue", "PriorityQueue.csproj", "{B3E0D540-B8AF-46AE-A770-0AB1562EC557}"
EndProject
Project("{FAE04EC0-301F-11D3-BF4B-00C04F79EFBC}") = "PriorityQueue.Tests", "..\PriorityQueue.Tests\PriorityQueue.Tests.csproj", "{1D40BE4A-4F35-4DF9-8A2B-17D3AD43523B}"
EndProject
Global
	GlobalSection(SolutionConfigurationPlatforms) = preSolution
		Debug|Any CPU = Debug|Any CPU
		Release|Any CPU = Release|Any CPU
	EndGlobalSection
	GlobalSection(ProjectConfigurationPlatforms) = postSolution
		{B3E0D540-B8AF-46AE-A770-0AB1562EC557}.Debug|Any CPU.ActiveCfg = Debug|Any CPU
		{B3E0D540-B8AF-46AE-A770-0AB1562EC557}.Debug|Any CPU.Build.0 = Debug|Any CPU
		{B3E0D540-B8AF-46AE-A770-0AB1562EC557}.Release|Any CPU.ActiveCfg = Release|Any CPU
		{B3E0D540-B8AF-46AE-A770-0AB1562EC557}.Release|Any CPU.Build.0 = Release|Any CPU
		{1D40BE4A-4F35-4DF9-8A2B-17D3AD43523B}.Debug|Any CPU.ActiveCfg = Debug|Any CPU
		{1D40BE4A-4F35-4DF9-8A2B-17D3AD43523B}.Debug|Any CPU.Build.0 = Debug|Any CPU
		{1D40BE4A-4F35-4DF9-8A2B-17D3AD43523B}.Release|Any CPU.ActiveCfg = Release|Any CPU
		{1D40BE4A-4F35-4DF9-8A2B-17D3AD43523B}.Release|Any CPU.Build.0 = Release|Any CPU
	EndGlobalSection
	GlobalSection(SolutionProperties) = preSolution
		HideSolutionNode = FALSE
	EndGlobalSection
	GlobalSection(ExtensibilityGlobals) = postSolution
		SolutionGuid = {CD9DF6F7-7BDC-4BAF-9A17-5DB1DE33EA4B}
	EndGlobalSection
EndGlobal
