
Microsoft Visual Studio Solution File, Format Version 12.00
# Visual Studio Version 17
VisualStudioVersion = 17.7.34024.191
MinimumVisualStudioVersion = 10.0.40219.1
Project("{FAE04EC0-301F-11D3-BF4B-00C04F79EFBC}") = "BurrowsWheeler", "BurrowsWheeler.csproj", "{B69803A8-F310-40DA-810A-AA3091830896}"
EndProject
Global
	GlobalSection(SolutionConfigurationPlatforms) = preSolution
		Debug|Any CPU = Debug|Any CPU
		Release|Any CPU = Release|Any CPU
	EndGlobalSection
	GlobalSection(ProjectConfigurationPlatforms) = postSolution
		{B69803A8-F310-40DA-810A-AA3091830896}.Debug|Any CPU.ActiveCfg = Debug|Any CPU
		{B69803A8-F310-40DA-810A-AA3091830896}.Debug|Any CPU.Build.0 = Debug|Any CPU
		{B69803A8-F310-40DA-810A-AA3091830896}.Release|Any CPU.ActiveCfg = Release|Any CPU
		{B69803A8-F310-40DA-810A-AA3091830896}.Release|Any CPU.Build.0 = Release|Any CPU
	EndGlobalSection
	GlobalSection(SolutionProperties) = preSolution
		HideSolutionNode = FALSE
	EndGlobalSection
	GlobalSection(ExtensibilityGlobals) = postSolution
		SolutionGuid = {6C7FC87B-388E-49F3-822F-1724D80E5F08}
	EndGlobalSection
EndGlobal
