
Microsoft Visual Studio Solution File, Format Version 12.00
# Visual Studio Version 17
VisualStudioVersion = 17.7.34024.191
MinimumVisualStudioVersion = 10.0.40219.1
Project("{8BC9CEB8-8B4A-11D0-8D11-00A0C91BC942}") = "sortedList", "sortedList.vcxproj", "{B7B0B5D7-6826-4D41-B13C-CC6137454948}"
EndProject
Global
	GlobalSection(SolutionConfigurationPlatforms) = preSolution
		Debug|x64 = Debug|x64
		Debug|x86 = Debug|x86
		Release|x64 = Release|x64
		Release|x86 = Release|x86
	EndGlobalSection
	GlobalSection(ProjectConfigurationPlatforms) = postSolution
		{B7B0B5D7-6826-4D41-B13C-CC6137454948}.Debug|x64.ActiveCfg = Debug|x64
		{B7B0B5D7-6826-4D41-B13C-CC6137454948}.Debug|x64.Build.0 = Debug|x64
		{B7B0B5D7-6826-4D41-B13C-CC6137454948}.Debug|x86.ActiveCfg = Debug|Win32
		{B7B0B5D7-6826-4D41-B13C-CC6137454948}.Debug|x86.Build.0 = Debug|Win32
		{B7B0B5D7-6826-4D41-B13C-CC6137454948}.Release|x64.ActiveCfg = Release|x64
		{B7B0B5D7-6826-4D41-B13C-CC6137454948}.Release|x64.Build.0 = Release|x64
		{B7B0B5D7-6826-4D41-B13C-CC6137454948}.Release|x86.ActiveCfg = Release|Win32
		{B7B0B5D7-6826-4D41-B13C-CC6137454948}.Release|x86.Build.0 = Release|Win32
	EndGlobalSection
	GlobalSection(SolutionProperties) = preSolution
		HideSolutionNode = FALSE
	EndGlobalSection
	GlobalSection(ExtensibilityGlobals) = postSolution
		SolutionGuid = {0ACB4F22-AD05-410F-8184-A3C706449694}
	EndGlobalSection
EndGlobal
