
Microsoft Visual Studio Solution File, Format Version 12.00
# Visual Studio Version 17
VisualStudioVersion = 17.9.34622.214
MinimumVisualStudioVersion = 10.0.40219.1
Project("{FAE04EC0-301F-11D3-BF4B-00C04F79EFBC}") = "Sortings", "Sortings.csproj", "{CC89AFA9-D740-4A65-AE5E-C166705CFFDB}"
EndProject
Project("{FAE04EC0-301F-11D3-BF4B-00C04F79EFBC}") = "Sortings.Tests", "..\Sortings.Tests\Sortings.Tests.csproj", "{93FFA1EB-708B-4AF7-BA90-FD73674DDEFA}"
EndProject
Global
	GlobalSection(SolutionConfigurationPlatforms) = preSolution
		Debug|Any CPU = Debug|Any CPU
		Release|Any CPU = Release|Any CPU
	EndGlobalSection
	GlobalSection(ProjectConfigurationPlatforms) = postSolution
		{CC89AFA9-D740-4A65-AE5E-C166705CFFDB}.Debug|Any CPU.ActiveCfg = Debug|Any CPU
		{CC89AFA9-D740-4A65-AE5E-C166705CFFDB}.Debug|Any CPU.Build.0 = Debug|Any CPU
		{CC89AFA9-D740-4A65-AE5E-C166705CFFDB}.Release|Any CPU.ActiveCfg = Release|Any CPU
		{CC89AFA9-D740-4A65-AE5E-C166705CFFDB}.Release|Any CPU.Build.0 = Release|Any CPU
		{93FFA1EB-708B-4AF7-BA90-FD73674DDEFA}.Debug|Any CPU.ActiveCfg = Debug|Any CPU
		{93FFA1EB-708B-4AF7-BA90-FD73674DDEFA}.Debug|Any CPU.Build.0 = Debug|Any CPU
		{93FFA1EB-708B-4AF7-BA90-FD73674DDEFA}.Release|Any CPU.ActiveCfg = Release|Any CPU
		{93FFA1EB-708B-4AF7-BA90-FD73674DDEFA}.Release|Any CPU.Build.0 = Release|Any CPU
	EndGlobalSection
	GlobalSection(SolutionProperties) = preSolution
		HideSolutionNode = FALSE
	EndGlobalSection
	GlobalSection(ExtensibilityGlobals) = postSolution
		SolutionGuid = {611E8986-2A6F-4ADB-B55B-6C4780C72C1D}
	EndGlobalSection
EndGlobal
