
Microsoft Visual Studio Solution File, Format Version 12.00
Project("{FAE04EC0-301F-11D3-BF4B-00C04F79EFBC}") = "Test1Task1.Tests", "..\Test1Task1.Tests\Test1Task1.Tests.csproj", "{5D59DEF7-8FFF-4AB6-A455-929E87E7556A}"
EndProject
Project("{FAE04EC0-301F-11D3-BF4B-00C04F79EFBC}") = "Test1Task1", "Test1Task1.csproj", "{6044226A-8616-423A-8EEF-ADFE2AC6C82A}"
EndProject
Global
	GlobalSection(SolutionConfigurationPlatforms) = preSolution
		Debug|Any CPU = Debug|Any CPU
		Release|Any CPU = Release|Any CPU
	EndGlobalSection
	GlobalSection(ProjectConfigurationPlatforms) = postSolution
		{5D59DEF7-8FFF-4AB6-A455-929E87E7556A}.Debug|Any CPU.ActiveCfg = Debug|Any CPU
		{5D59DEF7-8FFF-4AB6-A455-929E87E7556A}.Debug|Any CPU.Build.0 = Debug|Any CPU
		{5D59DEF7-8FFF-4AB6-A455-929E87E7556A}.Release|Any CPU.ActiveCfg = Release|Any CPU
		{5D59DEF7-8FFF-4AB6-A455-929E87E7556A}.Release|Any CPU.Build.0 = Release|Any CPU
		{6044226A-8616-423A-8EEF-ADFE2AC6C82A}.Debug|Any CPU.ActiveCfg = Debug|Any CPU
		{6044226A-8616-423A-8EEF-ADFE2AC6C82A}.Debug|Any CPU.Build.0 = Debug|Any CPU
		{6044226A-8616-423A-8EEF-ADFE2AC6C82A}.Release|Any CPU.ActiveCfg = Release|Any CPU
		{6044226A-8616-423A-8EEF-ADFE2AC6C82A}.Release|Any CPU.Build.0 = Release|Any CPU
	EndGlobalSection
EndGlobal
