
Microsoft Visual Studio Solution File, Format Version 12.00
# Visual Studio Version 17
VisualStudioVersion = 17.9.34622.214
MinimumVisualStudioVersion = 10.0.40219.1
Project("{FAE04EC0-301F-11D3-BF4B-00C04F79EFBC}") = "LZW.tests", "LZW.tests.csproj", "{FEA9B70A-1207-4E8E-B2AE-B352A820F83B}"
EndProject
Global
	GlobalSection(SolutionConfigurationPlatforms) = preSolution
		Debug|Any CPU = Debug|Any CPU
		Release|Any CPU = Release|Any CPU
	EndGlobalSection
	GlobalSection(ProjectConfigurationPlatforms) = postSolution
		{FEA9B70A-1207-4E8E-B2AE-B352A820F83B}.Debug|Any CPU.ActiveCfg = Debug|Any CPU
		{FEA9B70A-1207-4E8E-B2AE-B352A820F83B}.Debug|Any CPU.Build.0 = Debug|Any CPU
		{FEA9B70A-1207-4E8E-B2AE-B352A820F83B}.Release|Any CPU.ActiveCfg = Release|Any CPU
		{FEA9B70A-1207-4E8E-B2AE-B352A820F83B}.Release|Any CPU.Build.0 = Release|Any CPU
	EndGlobalSection
	GlobalSection(SolutionProperties) = preSolution
		HideSolutionNode = FALSE
	EndGlobalSection
	GlobalSection(ExtensibilityGlobals) = postSolution
		SolutionGuid = {3828563B-9E1B-4407-984F-441DF882F8B5}
	EndGlobalSection
EndGlobal
